{
  "name": "broadlink-dna-jssdk",
  "version": "1.0.3",
  "lockfileVersion": 2,
  "requires": true,
  "packages": {
    "": {
      "name": "broadlink-dna-jssdk",
      "version": "1.0.3",
      "license": "ISC",
      "dependencies": {
        "ismobilejs": "^1.1.1",
        "moment": "^2.29.1"
      },
      "devDependencies": {
        "typescript": "^4.5.5"
      }
    },
    "node_modules/ismobilejs": {
      "version": "1.1.1",
      "resolved": "https://registry.npmjs.org/ismobilejs/-/ismobilejs-1.1.1.tgz",
      "integrity": "sha512-VaFW53yt8QO61k2WJui0dHf4SlL8lxBofUuUmwBo0ljPk0Drz2TiuDW4jo3wDcv41qy/SxrJ+VAzJ/qYqsmzRw=="
    },
    "node_modules/moment": {
      "version": "2.29.1",
      "resolved": "https://registry.npmjs.org/moment/-/moment-2.29.1.tgz",
      "integrity": "sha512-kHmoybcPV8Sqy59DwNDY3Jefr64lK/by/da0ViFcuA4DH0vQg5Q6Ze5VimxkfQNSC+Mls/Kx53s7TjP1RhFEDQ==",
      "engines": {
        "node": "*"
      }
    },
    "node_modules/typescript": {
      "version": "4.5.5",
      "resolved": "https://registry.npmjs.org/typescript/-/typescript-4.5.5.tgz",
      "integrity": "sha512-TCTIul70LyWe6IJWT8QSYeA54WQe8EjQFU4wY52Fasj5UKx88LNYKCgBEHcOMOrFF1rKGbD8v/xcNWVUq9SymA==",
      "dev": true,
      "bin": {
        "tsc": "bin/tsc",
        "tsserver": "bin/tsserver"
      },
      "engines": {
        "node": ">=4.2.0"
      }
    }
  },
  "dependencies": {
    "ismobilejs": {
      "version": "1.1.1",
      "resolved": "https://registry.npmjs.org/ismobilejs/-/ismobilejs-1.1.1.tgz",
      "integrity": "sha512-VaFW53yt8QO61k2WJui0dHf4SlL8lxBofUuUmwBo0ljPk0Drz2TiuDW4jo3wDcv41qy/SxrJ+VAzJ/qYqsmzRw=="
    },
    "moment": {
      "version": "2.29.1",
      "resolved": "https://registry.npmjs.org/moment/-/moment-2.29.1.tgz",
      "integrity": "sha512-kHmoybcPV8Sqy59DwNDY3Jefr64lK/by/da0ViFcuA4DH0vQg5Q6Ze5VimxkfQNSC+Mls/Kx53s7TjP1RhFEDQ=="
    },
    "typescript": {
      "version": "4.5.5",
      "resolved": "https://registry.npmjs.org/typescript/-/typescript-4.5.5.tgz",
      "integrity": "sha512-TCTIul70LyWe6IJWT8QSYeA54WQe8EjQFU4wY52Fasj5UKx88LNYKCgBEHcOMOrFF1rKGbD8v/xcNWVUq9SymA==",
      "dev": true
    }
  }
}
